// !$*UTF8*$!
{
	archiveVersion = 1;
	classes = {
	};
	objectVersion = 70;
	objects = {

/* Begin PBXBuildFile section */
		6557AF8F2C0241C10094D0C8 /* PrivacyInfo.xcprivacy in Resources */ = {isa = PBXBuildFile; fileRef = 6557AF8E2C0241C10094D0C8 /* PrivacyInfo.xcprivacy */; };
		937E4471270B36D000A98C26 /* OpenHABCore in Frameworks */ = {isa = PBXBuildFile; productRef = 937E4470270B36D000A98C26 /* OpenHABCore */; };
		DA28C362225241DE00AB409C /* WebKit.framework in Frameworks */ = {isa = PBXBuildFile; fileRef = DA28C361225241DE00AB409C /* WebKit.framework */; settings = {ATTRIBUTES = (Required, ); }; };
		DA4D4DB5233F9ACB00B37E37 /* README.md in Resources */ = {isa = PBXBuildFile; fileRef = DA4D4DB4233F9ACB00B37E37 /* README.md */; };
		DA817E7A234BF39B00C91824 /* CHANGELOG.md in Resources */ = {isa = PBXBuildFile; fileRef = DA817E79234BF39B00C91824 /* CHANGELOG.md */; };
		DA9A7EFF2D66915900824156 /* SFSafeSymbols in Frameworks */ = {isa = PBXBuildFile; productRef = DA9A7EFE2D66915900824156 /* SFSafeSymbols */; };
		DAEFAA7F2F63536A00AC300B /* OpenHABCore in Frameworks */ = {isa = PBXBuildFile; productRef = DAEFAA7E2F63536A00AC300B /* OpenHABCore */; };
		DFB2622B18830A3600D3244D /* Foundation.framework in Frameworks */ = {isa = PBXBuildFile; fileRef = DFB2622A18830A3600D3244D /* Foundation.framework */; };
		DFB2622D18830A3600D3244D /* CoreGraphics.framework in Frameworks */ = {isa = PBXBuildFile; fileRef = DFB2622C18830A3600D3244D /* CoreGraphics.framework */; };
		DFB2622F18830A3600D3244D /* UIKit.framework in Frameworks */ = {isa = PBXBuildFile; fileRef = DFB2622E18830A3600D3244D /* UIKit.framework */; };
		DFE10414197415F900D94943 /* Security.framework in Frameworks */ = {isa = PBXBuildFile; fileRef = DFE10413197415F900D94943 /* Security.framework */; };
/* End PBXBuildFile section */

/* Begin PBXContainerItemProxy section */
		933D7F0922E7015100621A03 /* PBXContainerItemProxy */ = {
			isa = PBXContainerItemProxy;
			containerPortal = DFB2621F18830A3600D3244D /* Project object */;
			proxyType = 1;
			remoteGlobalIDString = DFB2622618830A3600D3244D;
			remoteInfo = openHAB;
		};
		DA2DC23421F2736C00830730 /* PBXContainerItemProxy */ = {
			isa = PBXContainerItemProxy;
			containerPortal = DFB2621F18830A3600D3244D /* Project object */;
			proxyType = 1;
			remoteGlobalIDString = DFB2622618830A3600D3244D;
			remoteInfo = openHAB;
		};
/* End PBXContainerItemProxy section */

/* Begin PBXCopyFilesBuildPhase section */
		4D6470DE2561F935007B03FC /* Embed Foundation Extensions */ = {
			isa = PBXCopyFilesBuildPhase;
			buildActionMask = 12;
			dstPath = "";
			dstSubfolderSpec = 13;
			files = (
			);
			name = "Embed Foundation Extensions";
			runOnlyForDeploymentPostprocessing = 0;
		};
		93F38C4C23803499001B1451 /* Embed Frameworks */ = {
			isa = PBXCopyFilesBuildPhase;
			buildActionMask = 2147483647;
			dstPath = "";
			dstSubfolderSpec = 10;
			files = (
			);
			name = "Embed Frameworks";
			runOnlyForDeploymentPostprocessing = 0;
		};
/* End PBXCopyFilesBuildPhase section */

/* Begin PBXFileReference section */
		3A0115EA2F1E6A4400234D4B /* SwiftUI.framework */ = {isa = PBXFileReference; lastKnownFileType = wrapper.framework; name = SwiftUI.framework; path = System/Library/Frameworks/SwiftUI.framework; sourceTree = SDKROOT; };
		6557AF8E2C0241C10094D0C8 /* PrivacyInfo.xcprivacy */ = {isa = PBXFileReference; lastKnownFileType = text.xml; path = PrivacyInfo.xcprivacy; sourceTree = "<group>"; };
		933D7F0422E7015000621A03 /* openHABUITests.xctest */ = {isa = PBXFileReference; explicitFileType = wrapper.cfbundle; includeInIndex = 0; path = openHABUITests.xctest; sourceTree = BUILT_PRODUCTS_DIR; };
		DA0DA9E12E0C9B74000C5D0A /* BuildTools */ = {isa = PBXFileReference; lastKnownFileType = wrapper; path = BuildTools; sourceTree = "<group>"; };
		DA28C361225241DE00AB409C /* WebKit.framework */ = {isa = PBXFileReference; lastKnownFileType = wrapper.framework; name = WebKit.framework; path = System/Library/Frameworks/WebKit.framework; sourceTree = SDKROOT; };
		DA2DC22F21F2736C00830730 /* openHABTestsSwift.xctest */ = {isa = PBXFileReference; explicitFileType = wrapper.cfbundle; includeInIndex = 0; path = openHABTestsSwift.xctest; sourceTree = BUILT_PRODUCTS_DIR; };
		DA4D4DB4233F9ACB00B37E37 /* README.md */ = {isa = PBXFileReference; fileEncoding = 4; lastKnownFileType = net.daringfireball.markdown; path = README.md; sourceTree = "<group>"; };
		DA4D4E0E2340A00200B37E37 /* Changes.md */ = {isa = PBXFileReference; lastKnownFileType = net.daringfireball.markdown; path = Changes.md; sourceTree = "<group>"; };
		DA817E79234BF39B00C91824 /* CHANGELOG.md */ = {isa = PBXFileReference; fileEncoding = 4; lastKnownFileType = net.daringfireball.markdown; path = CHANGELOG.md; sourceTree = "<group>"; };
		DA83C81D2F48AF7600CDACED /* Version.xcconfig */ = {isa = PBXFileReference; lastKnownFileType = text.xcconfig; path = Version.xcconfig; sourceTree = "<group>"; };
		DACC0F7B2E883AC700B62043 /* AGENTS.md */ = {isa = PBXFileReference; lastKnownFileType = net.daringfireball.markdown; path = AGENTS.md; sourceTree = "<group>"; };
		DAFD2FE62E0D96700059A1EB /* OsLogRewriter */ = {isa = PBXFileReference; lastKnownFileType = wrapper; path = OsLogRewriter; sourceTree = "<group>"; };
		DFB2622718830A3600D3244D /* openHAB.app */ = {isa = PBXFileReference; explicitFileType = wrapper.application; includeInIndex = 0; path = openHAB.app; sourceTree = BUILT_PRODUCTS_DIR; };
		DFB2622A18830A3600D3244D /* Foundation.framework */ = {isa = PBXFileReference; lastKnownFileType = wrapper.framework; name = Foundation.framework; path = System/Library/Frameworks/Foundation.framework; sourceTree = SDKROOT; };
		DFB2622C18830A3600D3244D /* CoreGraphics.framework */ = {isa = PBXFileReference; lastKnownFileType = wrapper.framework; name = CoreGraphics.framework; path = System/Library/Frameworks/CoreGraphics.framework; sourceTree = SDKROOT; };
		DFB2622E18830A3600D3244D /* UIKit.framework */ = {isa = PBXFileReference; lastKnownFileType = wrapper.framework; name = UIKit.framework; path = System/Library/Frameworks/UIKit.framework; sourceTree = SDKROOT; };
		DFB2624C18830A3600D3244D /* XCTest.framework */ = {isa = PBXFileReference; lastKnownFileType = wrapper.framework; name = XCTest.framework; path = Library/Frameworks/XCTest.framework; sourceTree = DEVELOPER_DIR; };
		DFE10413197415F900D94943 /* Security.framework */ = {isa = PBXFileReference; lastKnownFileType = wrapper.framework; name = Security.framework; path = System/Library/Frameworks/Security.framework; sourceTree = SDKROOT; };
/* End PBXFileReference section */

/* Begin PBXFileSystemSynchronizedBuildFileExceptionSet section */
		2FD4E2CF2F66F9F700EBB340 /* PBXFileSystemSynchronizedBuildFileExceptionSet */ = {
			isa = PBXFileSystemSynchronizedBuildFileExceptionSet;
			membershipExceptions = (
				MainUILayoutUITests.swift,
				OpenHABUITests.swift,
				SnapshotHelper.swift,
			);
			target = 933D7F0322E7015000621A03 /* openHABUITests */;
		};
		2FD4E2F02F66F9FE00EBB340 /* PBXFileSystemSynchronizedBuildFileExceptionSet */ = {
			isa = PBXFileSystemSynchronizedBuildFileExceptionSet;
			membershipExceptions = (
				Info.plist,
			);
			target = DA2DC22E21F2736C00830730 /* openHABTestsSwift */;
		};
		2FD4E2F62F66FA2900EBB340 /* PBXFileSystemSynchronizedBuildFileExceptionSet */ = {
			isa = PBXFileSystemSynchronizedBuildFileExceptionSet;
			membershipExceptions = (
				openHABTests.xctestplan,
			);
			target = DFB2622618830A3600D3244D /* openHAB */;
		};
		2FD4E58D2F670BA500EBB340 /* PBXFileSystemSynchronizedBuildFileExceptionSet */ = {
			isa = PBXFileSystemSynchronizedBuildFileExceptionSet;
			membershipExceptions = (
				"Supporting Files/openHAB-Info.plist",
			);
			target = DFB2622618830A3600D3244D /* openHAB */;
		};
/* End PBXFileSystemSynchronizedBuildFileExceptionSet section */

/* Begin PBXFileSystemSynchronizedRootGroup section */
		2FD4E1E22F66EF0200EBB340 /* fastlane */ = {isa = PBXFileSystemSynchronizedRootGroup; explicitFileTypes = {}; explicitFolders = (); path = fastlane; sourceTree = "<group>"; };
		2FD4E2CD2F66F9F600EBB340 /* openHABUITests */ = {isa = PBXFileSystemSynchronizedRootGroup; exceptions = (2FD4E2CF2F66F9F700EBB340 /* PBXFileSystemSynchronizedBuildFileExceptionSet */, ); explicitFileTypes = {}; explicitFolders = (); path = openHABUITests; sourceTree = "<group>"; };
		2FD4E2E02F66F9FE00EBB340 /* openHABTestsSwift */ = {isa = PBXFileSystemSynchronizedRootGroup; exceptions = (2FD4E2F02F66F9FE00EBB340 /* PBXFileSystemSynchronizedBuildFileExceptionSet */, ); explicitFileTypes = {}; explicitFolders = (); path = openHABTestsSwift; sourceTree = "<group>"; };
		2FD4E2F42F66FA2900EBB340 /* TestPlans */ = {isa = PBXFileSystemSynchronizedRootGroup; exceptions = (2FD4E2F62F66FA2900EBB340 /* PBXFileSystemSynchronizedBuildFileExceptionSet */, ); explicitFileTypes = {}; explicitFolders = (); path = TestPlans; sourceTree = "<group>"; };
		2FD4E52B2F670BA500EBB340 /* openHAB */ = {isa = PBXFileSystemSynchronizedRootGroup; exceptions = (2FD4E58D2F670BA500EBB340 /* PBXFileSystemSynchronizedBuildFileExceptionSet */, ); explicitFileTypes = {}; explicitFolders = (); path = openHAB; sourceTree = "<group>"; };
/* End PBXFileSystemSynchronizedRootGroup section */

/* Begin PBXFrameworksBuildPhase section */
		933D7F0122E7015000621A03 /* Frameworks */ = {
			isa = PBXFrameworksBuildPhase;
			buildActionMask = 2147483647;
			files = (
			);
			runOnlyForDeploymentPostprocessing = 0;
		};
		DA2DC22C21F2736C00830730 /* Frameworks */ = {
			isa = PBXFrameworksBuildPhase;
			buildActionMask = 2147483647;
			files = (
				DAEFAA7F2F63536A00AC300B /* OpenHABCore in Frameworks */,
			);
			runOnlyForDeploymentPostprocessing = 0;
		};
		DFB2622418830A3600D3244D /* Frameworks */ = {
			isa = PBXFrameworksBuildPhase;
			buildActionMask = 2147483647;
			files = (
				DFB2622B18830A3600D3244D /* Foundation.framework in Frameworks */,
				DFB2622F18830A3600D3244D /* UIKit.framework in Frameworks */,
				DA28C362225241DE00AB409C /* WebKit.framework in Frameworks */,
				DFE10414197415F900D94943 /* Security.framework in Frameworks */,
				DFB2622D18830A3600D3244D /* CoreGraphics.framework in Frameworks */,
				DA9A7EFF2D66915900824156 /* SFSafeSymbols in Frameworks */,
				937E4471270B36D000A98C26 /* OpenHABCore in Frameworks */,
			);
			runOnlyForDeploymentPostprocessing = 0;
		};
/* End PBXFrameworksBuildPhase section */

/* Begin PBXGroup section */
		DFB2621E18830A3600D3244D = {
			isa = PBXGroup;
			children = (
				6557AF8E2C0241C10094D0C8 /* PrivacyInfo.xcprivacy */,
				DA4D4DB4233F9ACB00B37E37 /* README.md */,
				DA4D4E0E2340A00200B37E37 /* Changes.md */,
				DA817E79234BF39B00C91824 /* CHANGELOG.md */,
				DACC0F7B2E883AC700B62043 /* AGENTS.md */,
				2FD4E52B2F670BA500EBB340 /* openHAB */,
				2FD4E2F42F66FA2900EBB340 /* TestPlans */,
				2FD4E2E02F66F9FE00EBB340 /* openHABTestsSwift */,
				2FD4E2CD2F66F9F600EBB340 /* openHABUITests */,
				DFB2622818830A3600D3244D /* Products */,
				DFB2622918830A3600D3244D /* Frameworks */,
				2FD4E1E22F66EF0200EBB340 /* fastlane */,
				DAFD2FE62E0D96700059A1EB /* OsLogRewriter */,
				DA0DA9E12E0C9B74000C5D0A /* BuildTools */,
				DA83C81D2F48AF7600CDACED /* Version.xcconfig */,
			);
			sourceTree = "<group>";
		};
		DFB2622818830A3600D3244D /* Products */ = {
			isa = PBXGroup;
			children = (
				DFB2622718830A3600D3244D /* openHAB.app */,
				DA2DC22F21F2736C00830730 /* openHABTestsSwift.xctest */,
				933D7F0422E7015000621A03 /* openHABUITests.xctest */,
			);
			name = Products;
			sourceTree = "<group>";
		};
		DFB2622918830A3600D3244D /* Frameworks */ = {
			isa = PBXGroup;
			children = (
				DA28C361225241DE00AB409C /* WebKit.framework */,
				DFB2622C18830A3600D3244D /* CoreGraphics.framework */,
				DFB2622A18830A3600D3244D /* Foundation.framework */,
				DFE10413197415F900D94943 /* Security.framework */,
				DFB2622E18830A3600D3244D /* UIKit.framework */,
				DFB2624C18830A3600D3244D /* XCTest.framework */,
				3A0115EA2F1E6A4400234D4B /* SwiftUI.framework */,
			);
			name = Frameworks;
			sourceTree = "<group>";
		};
/* End PBXGroup section */

/* Begin PBXNativeTarget section */
		933D7F0322E7015000621A03 /* openHABUITests */ = {
			isa = PBXNativeTarget;
			buildConfigurationList = 933D7F0D22E7015100621A03 /* Build configuration list for PBXNativeTarget "openHABUITests" */;
			buildPhases = (
				933D7F0022E7015000621A03 /* Sources */,
				933D7F0122E7015000621A03 /* Frameworks */,
				933D7F0222E7015000621A03 /* Resources */,
			);
			buildRules = (
			);
			dependencies = (
				933D7F0A22E7015100621A03 /* PBXTargetDependency */,
			);
			name = openHABUITests;
			productName = openHABUITests;
			productReference = 933D7F0422E7015000621A03 /* openHABUITests.xctest */;
			productType = "com.apple.product-type.bundle.ui-testing";
		};
		DA2DC22E21F2736C00830730 /* openHABTestsSwift */ = {
			isa = PBXNativeTarget;
			buildConfigurationList = DA2DC23821F2736D00830730 /* Build configuration list for PBXNativeTarget "openHABTestsSwift" */;
			buildPhases = (
				DA2DC22B21F2736C00830730 /* Sources */,
				DA2DC22C21F2736C00830730 /* Frameworks */,
				DA2DC22D21F2736C00830730 /* Resources */,
			);
			buildRules = (
			);
			dependencies = (
				DA2DC23521F2736C00830730 /* PBXTargetDependency */,
			);
			fileSystemSynchronizedGroups = (
				2FD4E2E02F66F9FE00EBB340 /* openHABTestsSwift */,
			);
			name = openHABTestsSwift;
			productName = openHABTestsSwift;
			productReference = DA2DC22F21F2736C00830730 /* openHABTestsSwift.xctest */;
			productType = "com.apple.product-type.bundle.unit-test";
		};
		DFB2622618830A3600D3244D /* openHAB */ = {
			isa = PBXNativeTarget;
			buildConfigurationList = DFB2625C18830A3600D3244D /* Build configuration list for PBXNativeTarget "openHAB" */;
			buildPhases = (
				DFB2622318830A3600D3244D /* Sources */,
				DFB2622418830A3600D3244D /* Frameworks */,
				DFB2622518830A3600D3244D /* Resources */,
				93F38C4C23803499001B1451 /* Embed Frameworks */,
				4D6470DE2561F935007B03FC /* Embed Foundation Extensions */,
				DAF0A2902C56FE9F00A14A6A /* Run swiftformat & swiftlint */,
			);
			buildRules = (
			);
			dependencies = (
			);
			fileSystemSynchronizedGroups = (
				2FD4E52B2F670BA500EBB340 /* openHAB */,
			);
			name = openHAB;
			packageProductDependencies = (
				937E4470270B36D000A98C26 /* OpenHABCore */,
				DA9A7EFE2D66915900824156 /* SFSafeSymbols */,
			);
			productName = openHAB;
			productReference = DFB2622718830A3600D3244D /* openHAB.app */;
			productType = "com.apple.product-type.application";
		};
/* End PBXNativeTarget section */

/* Begin PBXProject section */
		DFB2621F18830A3600D3244D /* Project object */ = {
			isa = PBXProject;
			attributes = {
				BuildIndependentTargetsInParallel = YES;
				CLASSPREFIX = OpenHAB;
				LastSwiftUpdateCheck = 2620;
				LastUpgradeCheck = 2610;
				ORGANIZATIONNAME = "openHAB e.V.";
				TargetAttributes = {
					933D7F0322E7015000621A03 = {
						CreatedOnToolsVersion = 10.2.1;
						TestTargetID = DFB2622618830A3600D3244D;
					};
					DA2DC22E21F2736C00830730 = {
						CreatedOnToolsVersion = 10.1;
						LastSwiftMigration = 1020;
						TestTargetID = DFB2622618830A3600D3244D;
					};
					DFB2622618830A3600D3244D = {
						LastSwiftMigration = "";
						SystemCapabilities = {
							com.apple.BackgroundModes = {
								enabled = 0;
							};
							com.apple.HomeKit = {
								enabled = 0;
							};
							com.apple.NearFieldCommunicationTagReading = {
								enabled = 0;
							};
							com.apple.NetworkExtensions.iOS = {
								enabled = 0;
							};
						};
					};
				};
			};
			buildConfigurationList = DFB2622218830A3600D3244D /* Build configuration list for PBXProject "openHAB" */;
			compatibilityVersion = "Xcode 10.0";
			developmentRegion = de;
			hasScannedForEncodings = 0;
			knownRegions = (
				de,
				Base,
			);
			mainGroup = DFB2621E18830A3600D3244D;
			packageReferences = (
				DA3B75AC2C59729200E219AB /* XCRemoteSwiftPackageReference "SFSafeSymbols" */,
			);
			productRefGroup = DFB2622818830A3600D3244D /* Products */;
			projectDirPath = "";
			projectRoot = "";
			targets = (
				DFB2622618830A3600D3244D /* openHAB */,
				DA2DC22E21F2736C00830730 /* openHABTestsSwift */,
				933D7F0322E7015000621A03 /* openHABUITests */,
			);
		};
/* End PBXProject section */

/* Begin PBXResourcesBuildPhase section */
		933D7F0222E7015000621A03 /* Resources */ = {
			isa = PBXResourcesBuildPhase;
			buildActionMask = 2147483647;
			files = (
			);
			runOnlyForDeploymentPostprocessing = 0;
		};
		DA2DC22D21F2736C00830730 /* Resources */ = {
			isa = PBXResourcesBuildPhase;
			buildActionMask = 2147483647;
			files = (
			);
			runOnlyForDeploymentPostprocessing = 0;
		};
		DFB2622518830A3600D3244D /* Resources */ = {
			isa = PBXResourcesBuildPhase;
			buildActionMask = 2147483647;
			files = (
				6557AF8F2C0241C10094D0C8 /* PrivacyInfo.xcprivacy in Resources */,
				DA817E7A234BF39B00C91824 /* CHANGELOG.md in Resources */,
				DA4D4DB5233F9ACB00B37E37 /* README.md in Resources */,
			);
			runOnlyForDeploymentPostprocessing = 0;
		};
/* End PBXResourcesBuildPhase section */

/* Begin PBXShellScriptBuildPhase section */
		DAF0A2902C56FE9F00A14A6A /* Run swiftformat & swiftlint */ = {
			isa = PBXShellScriptBuildPhase;
			alwaysOutOfDate = 1;
			buildActionMask = 8;
			files = (
			);
			inputFileListPaths = (
			);
			inputPaths = (
			);
			name = "Run swiftformat & swiftlint";
			outputFileListPaths = (
			);
			outputPaths = (
			);
			runOnlyForDeploymentPostprocessing = 1;
			shellPath = /bin/sh;
			shellScript = "[[ -n \"$CI\" ]] && exit 0\n\ncd BuildTools\nSDKROOT=(xcrun --sdk macosx --show-sdk-path)\n\nswift package plugin --allow-writing-to-package-directory --allow-writing-to-directory \"$SRCROOT\" swiftformat \"$SRCROOT\" --config ./.swiftformat --cache /private/tmp/\nswift package plugin --allow-writing-to-package-directory --allow-writing-to-directory ../ swiftlint --cache-path /private/tmp/\n";
		};
/* End PBXShellScriptBuildPhase section */

/* Begin PBXSourcesBuildPhase section */
		933D7F0022E7015000621A03 /* Sources */ = {
			isa = PBXSourcesBuildPhase;
			buildActionMask = 2147483647;
			files = (
			);
			runOnlyForDeploymentPostprocessing = 0;
		};
		DA2DC22B21F2736C00830730 /* Sources */ = {
			isa = PBXSourcesBuildPhase;
			buildActionMask = 2147483647;
			files = (
			);
			runOnlyForDeploymentPostprocessing = 0;
		};
		DFB2622318830A3600D3244D /* Sources */ = {
			isa = PBXSourcesBuildPhase;
			buildActionMask = 2147483647;
			files = (
			);
			runOnlyForDeploymentPostprocessing = 0;
		};
/* End PBXSourcesBuildPhase section */

/* Begin PBXTargetDependency section */
		933D7F0A22E7015100621A03 /* PBXTargetDependency */ = {
			isa = PBXTargetDependency;
			target = DFB2622618830A3600D3244D /* openHAB */;
			targetProxy = 933D7F0922E7015100621A03 /* PBXContainerItemProxy */;
		};
		DA2DC23521F2736C00830730 /* PBXTargetDependency */ = {
			isa = PBXTargetDependency;
			target = DFB2622618830A3600D3244D /* openHAB */;
			targetProxy = DA2DC23421F2736C00830730 /* PBXContainerItemProxy */;
		};
/* End PBXTargetDependency section */

/* Begin XCBuildConfiguration section */
		933D7F0B22E7015100621A03 /* Debug */ = {
			isa = XCBuildConfiguration;
			buildSettings = {
				CLANG_ANALYZER_NONNULL = YES;
				CLANG_ANALYZER_NUMBER_OBJECT_CONVERSION = YES_AGGRESSIVE;
				CLANG_CXX_LANGUAGE_STANDARD = "$(inherited)";
				CLANG_ENABLE_OBJC_WEAK = YES;
				CLANG_WARN_DOCUMENTATION_COMMENTS = YES;
				CLANG_WARN_STRICT_PROTOTYPES = YES;
				CLANG_WARN_UNGUARDED_AVAILABILITY = YES_AGGRESSIVE;
				DEVELOPMENT_TEAM = 6U7435AK45;
				GCC_C_LANGUAGE_STANDARD = gnu11;
				GCC_WARN_UNINITIALIZED_AUTOS = YES_AGGRESSIVE;
				INFOPLIST_FILE = openHABUITests/Info.plist;
				IPHONEOS_DEPLOYMENT_TARGET = 18.0;
				LD_RUNPATH_SEARCH_PATHS = (
					"$(inherited)",
					"@executable_path/Frameworks",
					"@loader_path/Frameworks",
				);
				MTL_ENABLE_DEBUG_INFO = INCLUDE_SOURCE;
				MTL_FAST_MATH = YES;
				PRODUCT_BUNDLE_IDENTIFIER = net.stromkreis.openHABUITests;
				PRODUCT_NAME = "$(TARGET_NAME)";
				SUPPORTED_PLATFORMS = "iphoneos iphonesimulator";
				SUPPORTS_MACCATALYST = NO;
				SUPPORTS_MAC_DESIGNED_FOR_IPHONE_IPAD = NO;
				SUPPORTS_XR_DESIGNED_FOR_IPHONE_IPAD = NO;
				SWIFT_INSTALL_OBJC_HEADER = NO;
				SWIFT_PRECOMPILE_BRIDGING_HEADER = NO;
				TARGETED_DEVICE_FAMILY = "1,2";
				TEST_TARGET_NAME = openHAB;
				WATCHOS_DEPLOYMENT_TARGET = 11.0;
			};
			name = Debug;
		};
		933D7F0C22E7015100621A03 /* Release */ = {
			isa = XCBuildConfiguration;
			buildSettings = {
				CLANG_ANALYZER_NONNULL = YES;
				CLANG_ANALYZER_NUMBER_OBJECT_CONVERSION = YES_AGGRESSIVE;
				CLANG_CXX_LANGUAGE_STANDARD = "$(inherited)";
				CLANG_ENABLE_OBJC_WEAK = YES;
				CLANG_WARN_DOCUMENTATION_COMMENTS = YES;
				CLANG_WARN_STRICT_PROTOTYPES = YES;
				CLANG_WARN_UNGUARDED_AVAILABILITY = YES_AGGRESSIVE;
				CODE_SIGN_IDENTITY = "Apple Development";
				CODE_SIGN_STYLE = Automatic;
				COPY_PHASE_STRIP = NO;
				DEVELOPMENT_TEAM = 6U7435AK45;
				GCC_C_LANGUAGE_STANDARD = gnu11;
				GCC_WARN_UNINITIALIZED_AUTOS = YES_AGGRESSIVE;
				INFOPLIST_FILE = openHABUITests/Info.plist;
				IPHONEOS_DEPLOYMENT_TARGET = 18.0;
				LD_RUNPATH_SEARCH_PATHS = (
					"$(inherited)",
					"@executable_path/Frameworks",
					"@loader_path/Frameworks",
				);
				MTL_ENABLE_DEBUG_INFO = NO;
				MTL_FAST_MATH = YES;
				PRODUCT_BUNDLE_IDENTIFIER = net.stromkreis.openHABUITests;
				PRODUCT_NAME = "$(TARGET_NAME)";
				PROVISIONING_PROFILE_SPECIFIER = "";
				SUPPORTED_PLATFORMS = "iphoneos iphonesimulator";
				SUPPORTS_MACCATALYST = NO;
				SUPPORTS_MAC_DESIGNED_FOR_IPHONE_IPAD = NO;
				SUPPORTS_XR_DESIGNED_FOR_IPHONE_IPAD = NO;
				SWIFT_INSTALL_OBJC_HEADER = NO;
				SWIFT_PRECOMPILE_BRIDGING_HEADER = NO;
				TARGETED_DEVICE_FAMILY = "1,2";
				TEST_TARGET_NAME = openHAB;
			};
			name = Release;
		};
		DA2DC23621F2736D00830730 /* Debug */ = {
			isa = XCBuildConfiguration;
			buildSettings = {
				BUNDLE_LOADER = "$(TEST_HOST)";
				CLANG_ANALYZER_NONNULL = YES;
				CLANG_ANALYZER_NUMBER_OBJECT_CONVERSION = YES_AGGRESSIVE;
				CLANG_CXX_LANGUAGE_STANDARD = "$(inherited)";
				CLANG_ENABLE_OBJC_WEAK = YES;
				CLANG_WARN_DOCUMENTATION_COMMENTS = YES;
				CLANG_WARN_STRICT_PROTOTYPES = YES;
				CLANG_WARN_UNGUARDED_AVAILABILITY = YES_AGGRESSIVE;
				DEVELOPMENT_TEAM = 6U7435AK45;
				GCC_C_LANGUAGE_STANDARD = gnu11;
				GCC_WARN_UNINITIALIZED_AUTOS = YES_AGGRESSIVE;
				INFOPLIST_FILE = openHABTestsSwift/Info.plist;
				IPHONEOS_DEPLOYMENT_TARGET = 18.0;
				LD_RUNPATH_SEARCH_PATHS = (
					"$(inherited)",
					"@executable_path/Frameworks",
					"@loader_path/Frameworks",
				);
				MTL_ENABLE_DEBUG_INFO = INCLUDE_SOURCE;
				MTL_FAST_MATH = YES;
				PRODUCT_BUNDLE_IDENTIFIER = net.stromkreis.openHABTestsSwift;
				PRODUCT_NAME = "$(TARGET_NAME)";
				SWIFT_INSTALL_OBJC_HEADER = NO;
				SWIFT_OBJC_BRIDGING_HEADER = "";
				SWIFT_PRECOMPILE_BRIDGING_HEADER = NO;
				TARGETED_DEVICE_FAMILY = "1,2";
				TEST_HOST = "$(BUILT_PRODUCTS_DIR)/openHAB.app/openHAB";
			};
			name = Debug;
		};
		DA2DC23721F2736D00830730 /* Release */ = {
			isa = XCBuildConfiguration;
			buildSettings = {
				BUNDLE_LOADER = "$(TEST_HOST)";
				CLANG_ANALYZER_NONNULL = YES;
				CLANG_ANALYZER_NUMBER_OBJECT_CONVERSION = YES_AGGRESSIVE;
				CLANG_CXX_LANGUAGE_STANDARD = "$(inherited)";
				CLANG_ENABLE_OBJC_WEAK = YES;
				CLANG_WARN_DOCUMENTATION_COMMENTS = YES;
				CLANG_WARN_STRICT_PROTOTYPES = YES;
				CLANG_WARN_UNGUARDED_AVAILABILITY = YES_AGGRESSIVE;
				CODE_SIGN_IDENTITY = "Apple Development";
				CODE_SIGN_STYLE = Automatic;
				COPY_PHASE_STRIP = NO;
				DEVELOPMENT_TEAM = 6U7435AK45;
				GCC_C_LANGUAGE_STANDARD = gnu11;
				GCC_WARN_UNINITIALIZED_AUTOS = YES_AGGRESSIVE;
				INFOPLIST_FILE = openHABTestsSwift/Info.plist;
				IPHONEOS_DEPLOYMENT_TARGET = 18.0;
				LD_RUNPATH_SEARCH_PATHS = (
					"$(inherited)",
					"@executable_path/Frameworks",
					"@loader_path/Frameworks",
				);
				MTL_ENABLE_DEBUG_INFO = NO;
				MTL_FAST_MATH = YES;
				PRODUCT_BUNDLE_IDENTIFIER = net.stromkreis.openHABTestsSwift;
				PRODUCT_NAME = "$(TARGET_NAME)";
				PROVISIONING_PROFILE_SPECIFIER = "";
				SWIFT_COMPILATION_MODE = wholemodule;
				SWIFT_INSTALL_OBJC_HEADER = NO;
				SWIFT_OBJC_BRIDGING_HEADER = "";
				SWIFT_PRECOMPILE_BRIDGING_HEADER = NO;
				TARGETED_DEVICE_FAMILY = "1,2";
				TEST_HOST = "$(BUILT_PRODUCTS_DIR)/openHAB.app/openHAB";
			};
			name = Release;
		};
		DFB2625A18830A3600D3244D /* Debug */ = {
			isa = XCBuildConfiguration;
			baseConfigurationReference = DA83C81D2F48AF7600CDACED /* Version.xcconfig */;
			buildSettings = {
				ALWAYS_SEARCH_USER_PATHS = NO;
				ASSETCATALOG_COMPILER_GENERATE_SWIFT_ASSET_SYMBOL_EXTENSIONS = YES;
				CLANG_ANALYZER_LOCALIZABILITY_NONLOCALIZED = YES;
				CLANG_CXX_LANGUAGE_STANDARD = "compiler-default";
				CLANG_CXX_LIBRARY = "compiler-default";
				CLANG_ENABLE_MODULES = YES;
				CLANG_ENABLE_OBJC_ARC = YES;
				CLANG_WARN_BLOCK_CAPTURE_AUTORELEASING = YES;
				CLANG_WARN_BOOL_CONVERSION = YES;
				CLANG_WARN_COMMA = YES;
				CLANG_WARN_CONSTANT_CONVERSION = YES;
				CLANG_WARN_DEPRECATED_OBJC_IMPLEMENTATIONS = YES;
				CLANG_WARN_DIRECT_OBJC_ISA_USAGE = YES_ERROR;
				CLANG_WARN_EMPTY_BODY = YES;
				CLANG_WARN_ENUM_CONVERSION = YES;
				CLANG_WARN_INFINITE_RECURSION = YES;
				CLANG_WARN_INT_CONVERSION = YES;
				CLANG_WARN_NON_LITERAL_NULL_CONVERSION = YES;
				CLANG_WARN_OBJC_IMPLICIT_RETAIN_SELF = YES;
				CLANG_WARN_OBJC_LITERAL_CONVERSION = YES;
				CLANG_WARN_OBJC_ROOT_CLASS = YES_ERROR;
				CLANG_WARN_QUOTED_INCLUDE_IN_FRAMEWORK_HEADER = YES;
				CLANG_WARN_RANGE_LOOP_ANALYSIS = YES;
				CLANG_WARN_STRICT_PROTOTYPES = NO;
				CLANG_WARN_SUSPICIOUS_MOVE = YES;
				CLANG_WARN_UNREACHABLE_CODE = YES;
				CLANG_WARN__DUPLICATE_METHOD_MATCH = YES;
				CODE_SIGN_STYLE = Automatic;
				COPY_PHASE_STRIP = NO;
				DEBUG_INFORMATION_FORMAT = dwarf;
				DEVELOPMENT_TEAM = 6U7435AK45;
				ENABLE_PREVIEWS = YES;
				ENABLE_STRICT_OBJC_MSGSEND = YES;
				ENABLE_TESTABILITY = YES;
				ENABLE_USER_SCRIPT_SANDBOXING = NO;
				EXCLUDED_ARCHS = i386;
				GCC_C_LANGUAGE_STANDARD = "compiler-default";
				GCC_DYNAMIC_NO_PIC = NO;
				GCC_NO_COMMON_BLOCKS = NO;
				GCC_OPTIMIZATION_LEVEL = 0;
				GCC_PREPROCESSOR_DEFINITIONS = (
					"DEBUG=1",
					"$(inherited)",
				);
				GCC_SYMBOLS_PRIVATE_EXTERN = NO;
				GCC_WARN_64_TO_32_BIT_CONVERSION = YES;
				GCC_WARN_ABOUT_RETURN_TYPE = YES_ERROR;
				GCC_WARN_UNDECLARED_SELECTOR = YES;
				GCC_WARN_UNINITIALIZED_AUTOS = YES;
				GCC_WARN_UNUSED_FUNCTION = YES;
				GCC_WARN_UNUSED_VARIABLE = YES;
				IPHONEOS_DEPLOYMENT_TARGET = 18.0;
				ONLY_ACTIVE_ARCH = YES;
				SDKROOT = iphoneos;
				STRING_CATALOG_GENERATE_SYMBOLS = YES;
				SWIFT_ACTIVE_COMPILATION_CONDITIONS = DEBUG;
				SWIFT_EMIT_LOC_STRINGS = YES;
				SWIFT_ENABLE_BARE_SLASH_REGEX = NO;
				SWIFT_OPTIMIZATION_LEVEL = "-Onone";
				SWIFT_UPCOMING_FEATURE_CONCISE_MAGIC_FILE = NO;
				SWIFT_UPCOMING_FEATURE_DISABLE_OUTWARD_ACTOR_ISOLATION = NO;
				SWIFT_UPCOMING_FEATURE_DYNAMIC_ACTOR_ISOLATION = NO;
				SWIFT_UPCOMING_FEATURE_EXISTENTIAL_ANY = YES;
				SWIFT_UPCOMING_FEATURE_FORWARD_TRAILING_CLOSURES = NO;
				SWIFT_UPCOMING_FEATURE_GLOBAL_CONCURRENCY = YES;
				SWIFT_UPCOMING_FEATURE_IMPLICIT_OPEN_EXISTENTIALS = NO;
				SWIFT_UPCOMING_FEATURE_IMPORT_OBJC_FORWARD_DECLS = NO;
				SWIFT_UPCOMING_FEATURE_INFER_SENDABLE_FROM_CAPTURES = NO;
				SWIFT_UPCOMING_FEATURE_ISOLATED_DEFAULT_VALUES = NO;
				SWIFT_UPCOMING_FEATURE_NONFROZEN_ENUM_EXHAUSTIVITY = NO;
				SWIFT_UPCOMING_FEATURE_REGION_BASED_ISOLATION = NO;
				SWIFT_VERSION = 6.0;
				TARGETED_DEVICE_FAMILY = "1,2";
				VERSIONING_SYSTEM = "apple-generic";
				WATCHOS_DEPLOYMENT_TARGET = 11.0;
			};
			name = Debug;
		};
		DFB2625B18830A3600D3244D /* Release */ = {
			isa = XCBuildConfiguration;
			baseConfigurationReference = DA83C81D2F48AF7600CDACED /* Version.xcconfig */;
			buildSettings = {
				ALWAYS_SEARCH_USER_PATHS = NO;
				ASSETCATALOG_COMPILER_GENERATE_SWIFT_ASSET_SYMBOL_EXTENSIONS = YES;
				CLANG_ANALYZER_LOCALIZABILITY_NONLOCALIZED = YES;
				CLANG_CXX_LANGUAGE_STANDARD = "compiler-default";
				CLANG_CXX_LIBRARY = "compiler-default";
				CLANG_ENABLE_MODULES = YES;
				CLANG_ENABLE_OBJC_ARC = YES;
				CLANG_WARN_BLOCK_CAPTURE_AUTORELEASING = YES;
				CLANG_WARN_BOOL_CONVERSION = YES;
				CLANG_WARN_COMMA = YES;
				CLANG_WARN_CONSTANT_CONVERSION = YES;
				CLANG_WARN_DEPRECATED_OBJC_IMPLEMENTATIONS = YES;
				CLANG_WARN_DIRECT_OBJC_ISA_USAGE = YES_ERROR;
				CLANG_WARN_EMPTY_BODY = YES;
				CLANG_WARN_ENUM_CONVERSION = YES;
				CLANG_WARN_INFINITE_RECURSION = YES;
				CLANG_WARN_INT_CONVERSION = YES;
				CLANG_WARN_NON_LITERAL_NULL_CONVERSION = YES;
				CLANG_WARN_OBJC_IMPLICIT_RETAIN_SELF = YES;
				CLANG_WARN_OBJC_LITERAL_CONVERSION = YES;
				CLANG_WARN_OBJC_ROOT_CLASS = YES_ERROR;
				CLANG_WARN_QUOTED_INCLUDE_IN_FRAMEWORK_HEADER = YES;
				CLANG_WARN_RANGE_LOOP_ANALYSIS = YES;
				CLANG_WARN_STRICT_PROTOTYPES = NO;
				CLANG_WARN_SUSPICIOUS_MOVE = YES;
				CLANG_WARN_UNREACHABLE_CODE = YES;
				CLANG_WARN__DUPLICATE_METHOD_MATCH = YES;
				CODE_SIGN_IDENTITY = "Apple Distribution";
				CODE_SIGN_STYLE = Manual;
				COPY_PHASE_STRIP = NO;
				DEVELOPMENT_TEAM = 6U7435AK45;
				ENABLE_NS_ASSERTIONS = NO;
				ENABLE_PREVIEWS = YES;
				ENABLE_STRICT_OBJC_MSGSEND = YES;
				ENABLE_USER_SCRIPT_SANDBOXING = NO;
				EXCLUDED_ARCHS = i386;
				GCC_C_LANGUAGE_STANDARD = "compiler-default";
				GCC_NO_COMMON_BLOCKS = NO;
				GCC_OPTIMIZATION_LEVEL = s;
				GCC_WARN_64_TO_32_BIT_CONVERSION = YES;
				GCC_WARN_ABOUT_RETURN_TYPE = YES_ERROR;
				GCC_WARN_UNDECLARED_SELECTOR = YES;
				GCC_WARN_UNINITIALIZED_AUTOS = YES;
				GCC_WARN_UNUSED_FUNCTION = YES;
				GCC_WARN_UNUSED_VARIABLE = YES;
				IPHONEOS_DEPLOYMENT_TARGET = 18.0;
				ONLY_ACTIVE_ARCH = NO;
				PROVISIONING_PROFILE_SPECIFIER = "match AppStore net.stromkreis.app";
				SDKROOT = iphoneos;
				STRING_CATALOG_GENERATE_SYMBOLS = YES;
				SWIFT_COMPILATION_MODE = wholemodule;
				SWIFT_EMIT_LOC_STRINGS = YES;
				SWIFT_ENABLE_BARE_SLASH_REGEX = NO;
				SWIFT_OPTIMIZATION_LEVEL = "-O";
				SWIFT_UPCOMING_FEATURE_CONCISE_MAGIC_FILE = NO;
				SWIFT_UPCOMING_FEATURE_DISABLE_OUTWARD_ACTOR_ISOLATION = NO;
				SWIFT_UPCOMING_FEATURE_DYNAMIC_ACTOR_ISOLATION = NO;
				SWIFT_UPCOMING_FEATURE_EXISTENTIAL_ANY = YES;
				SWIFT_UPCOMING_FEATURE_FORWARD_TRAILING_CLOSURES = NO;
				SWIFT_UPCOMING_FEATURE_GLOBAL_CONCURRENCY = YES;
				SWIFT_UPCOMING_FEATURE_IMPLICIT_OPEN_EXISTENTIALS = NO;
				SWIFT_UPCOMING_FEATURE_IMPORT_OBJC_FORWARD_DECLS = NO;
				SWIFT_UPCOMING_FEATURE_INFER_SENDABLE_FROM_CAPTURES = NO;
				SWIFT_UPCOMING_FEATURE_ISOLATED_DEFAULT_VALUES = NO;
				SWIFT_UPCOMING_FEATURE_NONFROZEN_ENUM_EXHAUSTIVITY = NO;
				SWIFT_UPCOMING_FEATURE_REGION_BASED_ISOLATION = NO;
				SWIFT_VERSION = 6.0;
				TARGETED_DEVICE_FAMILY = "1,2";
				VALIDATE_PRODUCT = YES;
				VERSIONING_SYSTEM = "apple-generic";
				WATCHOS_DEPLOYMENT_TARGET = 11.0;
			};
			name = Release;
		};
		DFB2625D18830A3600D3244D /* Debug */ = {
			isa = XCBuildConfiguration;
			buildSettings = {
				ASSETCATALOG_COMPILER_APPICON_NAME = AppIcon;
				CLANG_CXX_LANGUAGE_STANDARD = "$(inherited)";
				CLANG_ENABLE_MODULES = YES;
				CODE_SIGN_ENTITLEMENTS = "openHAB/Supporting Files/openHAB-CarPlay.entitlements";
				DEVELOPMENT_TEAM = 6U7435AK45;
				ENABLE_APP_SANDBOX = YES;
				ENABLE_DEBUG_DYLIB = YES;
				ENABLE_OUTGOING_NETWORK_CONNECTIONS = YES;
				GCC_PRECOMPILE_PREFIX_HEADER = YES;
				GCC_PREFIX_HEADER = "openHAB/openHAB-Prefix.pch";
				INFOPLIST_FILE = "openHAB/Supporting Files/openHAB-Info.plist";
				INFOPLIST_KEY_CFBundleDisplayName = Stromkreis;
				INFOPLIST_KEY_WKCompanionAppBundleIdentifier = "";
				IPHONEOS_DEPLOYMENT_TARGET = 18.0;
				LD_RUNPATH_SEARCH_PATHS = (
					"$(inherited)",
					"@executable_path/Frameworks",
					"@executable_path/../Frameworks",
					"@executable_path/../../Frameworks",
					"@loader_path/Frameworks",
					"@loader_path/../Frameworks",
					"@loader_path/../../Frameworks",
				);
				LIBRARY_SEARCH_PATHS = "$(inherited)";
				OTHER_SWIFT_FLAGS = "$(inherited) -DDEBUG -Xfrontend -warn-long-expression-type-checking=200 -Xfrontend -warn-long-function-bodies=200";
				PRODUCT_BUNDLE_IDENTIFIER = net.stromkreis.app;
				PRODUCT_NAME = "$(TARGET_NAME)";
				PROVISIONING_PROFILE = "";
				SUPPORTS_MACCATALYST = NO;
				SWIFT_DEFAULT_ACTOR_ISOLATION = nonisolated;
				SWIFT_INSTALL_OBJC_HEADER = NO;
				SWIFT_OBJC_BRIDGING_HEADER = "";
				SWIFT_PRECOMPILE_BRIDGING_HEADER = NO;
				SWIFT_UPCOMING_FEATURE_EXISTENTIAL_ANY = YES;
				SWIFT_UPCOMING_FEATURE_INTERNAL_IMPORTS_BY_DEFAULT = YES;
				SWIFT_UPCOMING_FEATURE_MEMBER_IMPORT_VISIBILITY = YES;
				TARGETED_DEVICE_FAMILY = "1,2";
				VERSIONING_SYSTEM = "apple-generic";
				WRAPPER_EXTENSION = app;
			};
			name = Debug;
		};
		DFB2625E18830A3600D3244D /* Release */ = {
			isa = XCBuildConfiguration;
			buildSettings = {
				ASSETCATALOG_COMPILER_APPICON_NAME = AppIcon;
				CLANG_CXX_LANGUAGE_STANDARD = "$(inherited)";
				CLANG_ENABLE_MODULES = YES;
				CODE_SIGN_ENTITLEMENTS = "openHAB/Supporting Files/openHAB-CarPlay.entitlements";
				CODE_SIGN_IDENTITY = "Apple Development";
				CODE_SIGN_STYLE = Automatic;
				DEVELOPMENT_TEAM = 6U7435AK45;
				ENABLE_APP_SANDBOX = YES;
				ENABLE_DEBUG_DYLIB = YES;
				ENABLE_OUTGOING_NETWORK_CONNECTIONS = YES;
				GCC_PRECOMPILE_PREFIX_HEADER = YES;
				GCC_PREFIX_HEADER = "openHAB/openHAB-Prefix.pch";
				INFOPLIST_FILE = "openHAB/Supporting Files/openHAB-Info.plist";
				INFOPLIST_KEY_CFBundleDisplayName = Stromkreis;
				INFOPLIST_KEY_WKCompanionAppBundleIdentifier = "";
				IPHONEOS_DEPLOYMENT_TARGET = 18.0;
				LD_RUNPATH_SEARCH_PATHS = (
					"$(inherited)",
					"@executable_path/Frameworks",
					"@executable_path/../Frameworks",
					"@executable_path/../../Frameworks",
					"@loader_path/Frameworks",
					"@loader_path/../Frameworks",
					"@loader_path/../../Frameworks",
				);
				LIBRARY_SEARCH_PATHS = "$(inherited)";
				PRODUCT_BUNDLE_IDENTIFIER = net.stromkreis.app;
				PRODUCT_NAME = "$(TARGET_NAME)";
				PROVISIONING_PROFILE = "";
				PROVISIONING_PROFILE_SPECIFIER = "";
				SUPPORTS_MACCATALYST = NO;
				SWIFT_COMPILATION_MODE = wholemodule;
				SWIFT_DEFAULT_ACTOR_ISOLATION = nonisolated;
				SWIFT_INSTALL_OBJC_HEADER = NO;
				SWIFT_OBJC_BRIDGING_HEADER = "";
				SWIFT_PRECOMPILE_BRIDGING_HEADER = NO;
				SWIFT_UPCOMING_FEATURE_EXISTENTIAL_ANY = YES;
				SWIFT_UPCOMING_FEATURE_INTERNAL_IMPORTS_BY_DEFAULT = YES;
				SWIFT_UPCOMING_FEATURE_MEMBER_IMPORT_VISIBILITY = YES;
				TARGETED_DEVICE_FAMILY = "1,2";
				VERSIONING_SYSTEM = "apple-generic";
				WRAPPER_EXTENSION = app;
			};
			name = Release;
		};
/* End XCBuildConfiguration section */

/* Begin XCConfigurationList section */
		933D7F0D22E7015100621A03 /* Build configuration list for PBXNativeTarget "openHABUITests" */ = {
			isa = XCConfigurationList;
			buildConfigurations = (
				933D7F0B22E7015100621A03 /* Debug */,
				933D7F0C22E7015100621A03 /* Release */,
			);
			defaultConfigurationIsVisible = 0;
			defaultConfigurationName = Release;
		};
		DA2DC23821F2736D00830730 /* Build configuration list for PBXNativeTarget "openHABTestsSwift" */ = {
			isa = XCConfigurationList;
			buildConfigurations = (
				DA2DC23621F2736D00830730 /* Debug */,
				DA2DC23721F2736D00830730 /* Release */,
			);
			defaultConfigurationIsVisible = 0;
			defaultConfigurationName = Release;
		};
		DFB2622218830A3600D3244D /* Build configuration list for PBXProject "openHAB" */ = {
			isa = XCConfigurationList;
			buildConfigurations = (
				DFB2625A18830A3600D3244D /* Debug */,
				DFB2625B18830A3600D3244D /* Release */,
			);
			defaultConfigurationIsVisible = 0;
			defaultConfigurationName = Release;
		};
		DFB2625C18830A3600D3244D /* Build configuration list for PBXNativeTarget "openHAB" */ = {
			isa = XCConfigurationList;
			buildConfigurations = (
				DFB2625D18830A3600D3244D /* Debug */,
				DFB2625E18830A3600D3244D /* Release */,
			);
			defaultConfigurationIsVisible = 0;
			defaultConfigurationName = Release;
		};
/* End XCConfigurationList section */

/* Begin XCLocalSwiftPackageReference section */
/* End XCLocalSwiftPackageReference section */

/* Begin XCRemoteSwiftPackageReference section */
		DA3B75AC2C59729200E219AB /* XCRemoteSwiftPackageReference "SFSafeSymbols" */ = {
			isa = XCRemoteSwiftPackageReference;
			repositoryURL = "https://github.com/SFSafeSymbols/SFSafeSymbols";
			requirement = {
				kind = upToNextMajorVersion;
				minimumVersion = 7.0.0;
			};
		};
/* End XCRemoteSwiftPackageReference section */

/* Begin XCSwiftPackageProductDependency section */
		937E4470270B36D000A98C26 /* OpenHABCore */ = {
			isa = XCSwiftPackageProductDependency;
			productName = OpenHABCore;
		};
		DA9A7EFE2D66915900824156 /* SFSafeSymbols */ = {
			isa = XCSwiftPackageProductDependency;
			package = DA3B75AC2C59729200E219AB /* XCRemoteSwiftPackageReference "SFSafeSymbols" */;
			productName = SFSafeSymbols;
		};
		DAEFAA7E2F63536A00AC300B /* OpenHABCore */ = {
			isa = XCSwiftPackageProductDependency;
			productName = OpenHABCore;
		};
/* End XCSwiftPackageProductDependency section */
	};
	rootObject = DFB2621F18830A3600D3244D /* Project object */;
}
