{
  "originHash" : "2daff8150c3f225bda6feada395e63877e674ae5c696f74f0a34a18399ec4022",
  "pins" : [
    {
      "identity" : "sfsafesymbols",
      "kind" : "remoteSourceControl",
      "location" : "https://github.com/SFSafeSymbols/SFSafeSymbols",
      "state" : {
        "revision" : "e01b3d4f861412f8dcee8d93c417d2c2b0cdfd77",
        "version" : "7.0.0"
      }
    },
    {
      "identity" : "swift-syntax",
      "kind" : "remoteSourceControl",
      "location" : "https://github.com/apple/swift-syntax.git",
      "state" : {
        "revision" : "64889f0c732f210a935a0ad7cda38f77f876262d",
        "version" : "509.1.1"
      }
    },
    {
      "identity" : "swift-timeout",
      "kind" : "remoteSourceControl",
      "location" : "https://github.com/swhitty/swift-timeout.git",
      "state" : {
        "revision" : "4efb73b593d5553b90766d531db701ecf2306237",
        "version" : "0.4.1"
      }
    },
    {
      "identity" : "swiftformatplugin",
      "kind" : "remoteSourceControl",
      "location" : "https://github.com/weakfl/SwiftFormatPlugin",
      "state" : {
        "revision" : "c7c81920d715e051306d2172083c14aaec2c1b9d",
        "version" : "0.61.1"
      }
    },
    {
      "identity" : "swiftlintplugin",
      "kind" : "remoteSourceControl",
      "location" : "https://github.com/weakfl/SwiftLintPlugin.git",
      "state" : {
        "revision" : "3741567a0252090897336f1f39b8490107b49ead",
        "version" : "0.63.3"
      }
    }
  ],
  "version" : 3
}
